
Microsoft Visual Studio Solution File, Format Version 12.00
# Visual Studio Version 17
VisualStudioVersion = 17.5.33627.172
MinimumVisualStudioVersion = 10.0.40219.1
Project("{FAE04EC0-301F-11D3-BF4B-00C04F79EFBC}") = "ConsoleApp10Avgust", "ConsoleApp10Avgust.csproj", "{C28E9516-BFA3-4F97-812C-4B3D494407DD}"
EndProject
Global
	GlobalSection(SolutionConfigurationPlatforms) = preSolution
		Debug|Any CPU = Debug|Any CPU
		Release|Any CPU = Release|Any CPU
	EndGlobalSection
	GlobalSection(ProjectConfigurationPlatforms) = postSolution
		{C28E9516-BFA3-4F97-812C-4B3D494407DD}.Debug|Any CPU.ActiveCfg = Debug|Any CPU
		{C28E9516-BFA3-4F97-812C-4B3D494407DD}.Debug|Any CPU.Build.0 = Debug|Any CPU
		{C28E9516-BFA3-4F97-812C-4B3D494407DD}.Release|Any CPU.ActiveCfg = Release|Any CPU
		{C28E9516-BFA3-4F97-812C-4B3D494407DD}.Release|Any CPU.Build.0 = Release|Any CPU
	EndGlobalSection
	GlobalSection(SolutionProperties) = preSolution
		HideSolutionNode = FALSE
	EndGlobalSection
	GlobalSection(ExtensibilityGlobals) = postSolution
		SolutionGuid = {283CD087-D13B-481D-A3BD-DBFB9879F55E}
	EndGlobalSection
EndGlobal
